
Microsoft Visual Studio Solution File, Format Version 12.00
# Visual Studio Version 17
VisualStudioVersion = 17.2.32630.192
MinimumVisualStudioVersion = 10.0.40219.1
Project("{9A19103F-16F7-4668-BE54-9A1E7A4F7556}") = "Stage-2", "Stage-2.csproj", "{74948600-D165-4C60-8E78-6390F4A5F338}"
EndProject
Project("{9A19103F-16F7-4668-BE54-9A1E7A4F7556}") = "Registration(Try-Catch)", "Registration(Try-Catch)\Registration(Try-Catch).csproj", "{9785EBF1-B9C8-4FBE-AD09-E122114AF3E4}"
EndProject
Project("{9A19103F-16F7-4668-BE54-9A1E7A4F7556}") = "SalaryCount(delegate,event)", "SalaryCount(delegate)\SalaryCount(delegate,event).csproj", "{5256E561-F5DA-464A-BB42-7E527038B473}"
EndProject
Project("{9A19103F-16F7-4668-BE54-9A1E7A4F7556}") = "MyList", "MyList\MyList.csproj", "{E690F861-5403-4301-8582-8A3B56B87A8D}"
EndProject
Project("{9A19103F-16F7-4668-BE54-9A1E7A4F7556}") = "SortAlgorithms", "SortAlgorithms\SortAlgorithms.csproj", "{94B3E6E6-29DE-4BCF-ADEE-8D40C5517DB6}"
EndProject
Project("{9A19103F-16F7-4668-BE54-9A1E7A4F7556}") = "MyLinkedList", "MyLinkedList\MyLinkedList.csproj", "{413D6B12-63BA-47D0-9696-D494EEBFDCDA}"
EndProject
Project("{9A19103F-16F7-4668-BE54-9A1E7A4F7556}") = "Ref-Out-In", "Ref-Out-In\Ref-Out-In.csproj", "{9FAC251C-15B3-4CC7-BCF2-A948B382B576}"
EndProject
Global
	GlobalSection(SolutionConfigurationPlatforms) = preSolution
		Debug|Any CPU = Debug|Any CPU
		Release|Any CPU = Release|Any CPU
	EndGlobalSection
	GlobalSection(ProjectConfigurationPlatforms) = postSolution
		{74948600-D165-4C60-8E78-6390F4A5F338}.Debug|Any CPU.ActiveCfg = Debug|Any CPU
		{74948600-D165-4C60-8E78-6390F4A5F338}.Debug|Any CPU.Build.0 = Debug|Any CPU
		{74948600-D165-4C60-8E78-6390F4A5F338}.Release|Any CPU.ActiveCfg = Release|Any CPU
		{74948600-D165-4C60-8E78-6390F4A5F338}.Release|Any CPU.Build.0 = Release|Any CPU
		{9785EBF1-B9C8-4FBE-AD09-E122114AF3E4}.Debug|Any CPU.ActiveCfg = Debug|Any CPU
		{9785EBF1-B9C8-4FBE-AD09-E122114AF3E4}.Debug|Any CPU.Build.0 = Debug|Any CPU
		{9785EBF1-B9C8-4FBE-AD09-E122114AF3E4}.Release|Any CPU.ActiveCfg = Release|Any CPU
		{9785EBF1-B9C8-4FBE-AD09-E122114AF3E4}.Release|Any CPU.Build.0 = Release|Any CPU
		{5256E561-F5DA-464A-BB42-7E527038B473}.Debug|Any CPU.ActiveCfg = Debug|Any CPU
		{5256E561-F5DA-464A-BB42-7E527038B473}.Debug|Any CPU.Build.0 = Debug|Any CPU
		{5256E561-F5DA-464A-BB42-7E527038B473}.Release|Any CPU.ActiveCfg = Release|Any CPU
		{5256E561-F5DA-464A-BB42-7E527038B473}.Release|Any CPU.Build.0 = Release|Any CPU
		{E690F861-5403-4301-8582-8A3B56B87A8D}.Debug|Any CPU.ActiveCfg = Debug|Any CPU
		{E690F861-5403-4301-8582-8A3B56B87A8D}.Debug|Any CPU.Build.0 = Debug|Any CPU
		{E690F861-5403-4301-8582-8A3B56B87A8D}.Release|Any CPU.ActiveCfg = Release|Any CPU
		{E690F861-5403-4301-8582-8A3B56B87A8D}.Release|Any CPU.Build.0 = Release|Any CPU
		{94B3E6E6-29DE-4BCF-ADEE-8D40C5517DB6}.Debug|Any CPU.ActiveCfg = Debug|Any CPU
		{94B3E6E6-29DE-4BCF-ADEE-8D40C5517DB6}.Debug|Any CPU.Build.0 = Debug|Any CPU
		{94B3E6E6-29DE-4BCF-ADEE-8D40C5517DB6}.Release|Any CPU.ActiveCfg = Release|Any CPU
		{94B3E6E6-29DE-4BCF-ADEE-8D40C5517DB6}.Release|Any CPU.Build.0 = Release|Any CPU
		{413D6B12-63BA-47D0-9696-D494EEBFDCDA}.Debug|Any CPU.ActiveCfg = Debug|Any CPU
		{413D6B12-63BA-47D0-9696-D494EEBFDCDA}.Debug|Any CPU.Build.0 = Debug|Any CPU
		{413D6B12-63BA-47D0-9696-D494EEBFDCDA}.Release|Any CPU.ActiveCfg = Release|Any CPU
		{413D6B12-63BA-47D0-9696-D494EEBFDCDA}.Release|Any CPU.Build.0 = Release|Any CPU
		{9FAC251C-15B3-4CC7-BCF2-A948B382B576}.Debug|Any CPU.ActiveCfg = Debug|Any CPU
		{9FAC251C-15B3-4CC7-BCF2-A948B382B576}.Debug|Any CPU.Build.0 = Debug|Any CPU
		{9FAC251C-15B3-4CC7-BCF2-A948B382B576}.Release|Any CPU.ActiveCfg = Release|Any CPU
		{9FAC251C-15B3-4CC7-BCF2-A948B382B576}.Release|Any CPU.Build.0 = Release|Any CPU
	EndGlobalSection
	GlobalSection(SolutionProperties) = preSolution
		HideSolutionNode = FALSE
	EndGlobalSection
	GlobalSection(ExtensibilityGlobals) = postSolution
		SolutionGuid = {B2EE4DBE-B9C2-4290-96A5-384B2D8B7416}
	EndGlobalSection
EndGlobal
